
Microsoft Visual Studio Solution File, Format Version 11.00
# Visual Studio 2010
Project("{FAE04EC0-301F-11D3-BF4B-00C04F79EFBC}") = "Example", "Example\Example.csproj", "{573F4A47-2955-438A-9649-60DCF7B7A626}"
EndProject
Project("{FAE04EC0-301F-11D3-BF4B-00C04F79EFBC}") = "Texter", "Texter\Texter.csproj", "{7B93355F-3F85-4CAD-966D-361252DC6EAD}"
EndProject
Global
	GlobalSection(SolutionConfigurationPlatforms) = preSolution
		Debug|x86 = Debug|x86
		Release|x86 = Release|x86
	EndGlobalSection
	GlobalSection(ProjectConfigurationPlatforms) = postSolution
		{573F4A47-2955-438A-9649-60DCF7B7A626}.Debug|x86.ActiveCfg = Debug|x86
		{573F4A47-2955-438A-9649-60DCF7B7A626}.Debug|x86.Build.0 = Debug|x86
		{573F4A47-2955-438A-9649-60DCF7B7A626}.Release|x86.ActiveCfg = Release|x86
		{573F4A47-2955-438A-9649-60DCF7B7A626}.Release|x86.Build.0 = Release|x86
		{7B93355F-3F85-4CAD-966D-361252DC6EAD}.Debug|x86.ActiveCfg = Debug|x86
		{7B93355F-3F85-4CAD-966D-361252DC6EAD}.Debug|x86.Build.0 = Debug|x86
		{7B93355F-3F85-4CAD-966D-361252DC6EAD}.Release|x86.ActiveCfg = Release|x86
		{7B93355F-3F85-4CAD-966D-361252DC6EAD}.Release|x86.Build.0 = Release|x86
	EndGlobalSection
	GlobalSection(SolutionProperties) = preSolution
		HideSolutionNode = FALSE
	EndGlobalSection
EndGlobal
